{
  "name": "google-home-player",
  "version": "1.0.3",
  "lockfileVersion": 1,
  "requires": true,
  "dependencies": {
    "ascli": {
      "version": "0.3.0",
      "resolved": "https://registry.npmjs.org/ascli/-/ascli-0.3.0.tgz",
      "integrity": "sha1-XmYjDlIZ/j6JUqTvtPIPrllqgTo=",
      "requires": {
        "colour": "^0.7.1",
        "optjs": "^3.2.2"
      }
    },
    "axios": {
      "version": "0.21.4",
      "resolved": "https://registry.npmjs.org/axios/-/axios-0.21.4.tgz",
      "integrity": "sha512-ut5vewkiu8jjGBdqpM44XxjuCjq9LAKeHVmoVfHVzy8eHgxxq8SbAVQNovDA8mVi05kP0Ea/n/UzcSHcTJQfNg==",
      "requires": {
        "follow-redirects": "^1.14.0"
      }
    },
    "bufferview": {
      "version": "1.0.1",
      "resolved": "https://registry.npmjs.org/bufferview/-/bufferview-1.0.1.tgz",
      "integrity": "sha1-ev10pF+Tf6QiodM4wIu/3HbNcl0="
    },
    "bytebuffer": {
      "version": "3.5.5",
      "resolved": "https://registry.npmjs.org/bytebuffer/-/bytebuffer-3.5.5.tgz",
      "integrity": "sha1-em+vGhNRSwg/H8+VQcTJv75+f9M=",
      "requires": {
        "bufferview": "~1",
        "long": "~2 >=2.2.3"
      }
    },
    "castv2": {
      "version": "0.1.9",
      "resolved": "https://registry.npmjs.org/castv2/-/castv2-0.1.9.tgz",
      "integrity": "sha1-0LD6sf0GsNnMpjaIZxbsEpOlkFo=",
      "requires": {
        "debug": "^2.2.0",
        "protobufjs": "^3.2.2"
      }
    },
    "castv2-client": {
      "version": "1.2.0",
      "resolved": "https://registry.npmjs.org/castv2-client/-/castv2-client-1.2.0.tgz",
      "integrity": "sha1-qRk7GlRIuMuaBBW9AhyIEe17BUQ=",
      "requires": {
        "castv2": "~0.1.4",
        "debug": "^2.2.0"
      }
    },
    "colour": {
      "version": "0.7.1",
      "resolved": "https://registry.npmjs.org/colour/-/colour-0.7.1.tgz",
      "integrity": "sha1-nLFpkX7F0SwHNtPoaFdG3xyt93g="
    },
    "debug": {
      "version": "2.6.9",
      "resolved": "https://registry.npmjs.org/debug/-/debug-2.6.9.tgz",
      "integrity": "sha512-bC7ElrdJaJnPbAP+1EotYvqZsb3ecl5wi6Bfi6BJTUcNowp6cvspg0jXznRTKDjm/E7AdgFBVeAPVMNcKGsHMA==",
      "requires": {
        "ms": "2.0.0"
      }
    },
    "follow-redirects": {
      "version": "1.14.5",
      "resolved": "https://registry.npmjs.org/follow-redirects/-/follow-redirects-1.14.5.tgz",
      "integrity": "sha512-wtphSXy7d4/OR+MvIFbCVBDzZ5520qV8XfPklSN5QtxuMUJZ+b0Wnst1e1lCDocfzuCkHqj8k0FpZqO+UIaKNA=="
    },
    "google-tts-api": {
      "version": "2.0.2",
      "resolved": "https://registry.npmjs.org/google-tts-api/-/google-tts-api-2.0.2.tgz",
      "integrity": "sha512-MkQYbBJEdom8hJpfEVDfD3tpBtkz0X59C+FNsoRhbnCiFjZRnzyurGQ5OrAr3xkigII56/jmk0JNwZsp450G+Q==",
      "requires": {
        "axios": "^0.21.0"
      }
    },
    "long": {
      "version": "2.4.0",
      "resolved": "https://registry.npmjs.org/long/-/long-2.4.0.tgz",
      "integrity": "sha1-n6GAux2VAM3CnEFWdmoZleH0Uk8="
    },
    "ms": {
      "version": "2.0.0",
      "resolved": "https://registry.npmjs.org/ms/-/ms-2.0.0.tgz",
      "integrity": "sha1-VgiurfwAvmwpAd9fmGF4jeDVl8g="
    },
    "optjs": {
      "version": "3.2.2",
      "resolved": "https://registry.npmjs.org/optjs/-/optjs-3.2.2.tgz",
      "integrity": "sha1-aabOicRCpEQDFBrS+bNwvVu29O4="
    },
    "protobufjs": {
      "version": "3.8.2",
      "resolved": "https://registry.npmjs.org/protobufjs/-/protobufjs-3.8.2.tgz",
      "integrity": "sha1-vIJuNMOvRpfo0K96Zp5NYSrtzRc=",
      "requires": {
        "ascli": "~0.3",
        "bytebuffer": "~3 >=3.5"
      }
    }
  }
}
